# THIS IS AN AUTOGENERATED FILE. DO NOT EDIT THIS FILE DIRECTLY.
# yarn lockfile v1


babel-runtime@^6.0.0:
  version "6.26.0"
  resolved "http://registry.npm.taobao.org/babel-runtime/download/babel-runtime-6.26.0.tgz#965c7058668e82b55d7bfe04ff2337bc8b5647fe"
  dependencies:
    core-js "^2.4.0"
    regenerator-runtime "^0.11.0"

better-scroll@^1.4.2:
  version "1.4.2"
  resolved "http://registry.npm.taobao.org/better-scroll/download/better-scroll-1.4.2.tgz#e8a3357787d1cb13f9aa56856065cd2fd9d035d0"
  dependencies:
    babel-runtime "^6.0.0"

core-js@^2.4.0:
  version "2.5.1"
  resolved "http://registry.npm.taobao.org/core-js/download/core-js-2.5.1.tgz#ae6874dc66937789b80754ff5428df66819ca50b"

js-tokens@^3.0.0:
  version "3.0.2"
  resolved "http://registry.npm.taobao.org/js-tokens/download/js-tokens-3.0.2.tgz#9866df395102130e38f7f996bceb65443209c25b"

loose-envify@^1.2.0:
  version "1.3.1"
  resolved "http://registry.npm.taobao.org/loose-envify/download/loose-envify-1.3.1.tgz#d1a8ad33fa9ce0e713d65fdd0ac8b748d478c848"
  dependencies:
    js-tokens "^3.0.0"

regenerator-runtime@^0.11.0:
  version "0.11.0"
  resolved "http://registry.npm.taobao.org/regenerator-runtime/download/regenerator-runtime-0.11.0.tgz#7e54fe5b5ccd5d6624ea6255c3473be090b802e1"

vue-calendar@exherb/vue-calendar:
  version "1.0.0"
  resolved "https://codeload.github.com/exherb/vue-calendar/tar.gz/5493903b5efaa89ef75bd993b4507c763781ee9d"
  dependencies:
    vue "^2.3.3"

vue-focus@^2.1.0:
  version "2.1.0"
  resolved "http://registry.npm.taobao.org/vue-focus/download/vue-focus-2.1.0.tgz#7a0337ce9074d5ef03d15a4b5b862cf45e5e04e3"
  dependencies:
    loose-envify "^1.2.0"

vue@^2.3.3:
  version "2.5.7"
  resolved "http://registry.npm.taobao.org/vue/download/vue-2.5.7.tgz#313ab26025915d9fdbc39db756548cb4bb50eb44"

weui@^1.1.2:
  version "1.1.2"
  resolved "http://registry.npm.taobao.org/weui/download/weui-1.1.2.tgz#e33f771e2248edfe0fd07a2c6eadb3e7931a00cc"
